
Microsoft Visual Studio Solution File, Format Version 12.00
# Visual Studio Version 17
VisualStudioVersion = 17.1.32414.318
MinimumVisualStudioVersion = 10.0.40219.1
Project("{8BC9CEB8-8B4A-11D0-8D11-00A0C91BC942}") = "Student_Journal_Homwork", "Student_Journal_Homwork.vcxproj", "{BC6BE555-177E-465B-8CA2-40AD78677963}"
EndProject
Global
	GlobalSection(SolutionConfigurationPlatforms) = preSolution
		Debug|x64 = Debug|x64
		Debug|x86 = Debug|x86
		Release|x64 = Release|x64
		Release|x86 = Release|x86
	EndGlobalSection
	GlobalSection(ProjectConfigurationPlatforms) = postSolution
		{BC6BE555-177E-465B-8CA2-40AD78677963}.Debug|x64.ActiveCfg = Debug|x64
		{BC6BE555-177E-465B-8CA2-40AD78677963}.Debug|x64.Build.0 = Debug|x64
		{BC6BE555-177E-465B-8CA2-40AD78677963}.Debug|x86.ActiveCfg = Debug|Win32
		{BC6BE555-177E-465B-8CA2-40AD78677963}.Debug|x86.Build.0 = Debug|Win32
		{BC6BE555-177E-465B-8CA2-40AD78677963}.Release|x64.ActiveCfg = Release|x64
		{BC6BE555-177E-465B-8CA2-40AD78677963}.Release|x64.Build.0 = Release|x64
		{BC6BE555-177E-465B-8CA2-40AD78677963}.Release|x86.ActiveCfg = Release|Win32
		{BC6BE555-177E-465B-8CA2-40AD78677963}.Release|x86.Build.0 = Release|Win32
	EndGlobalSection
	GlobalSection(SolutionProperties) = preSolution
		HideSolutionNode = FALSE
	EndGlobalSection
	GlobalSection(ExtensibilityGlobals) = postSolution
		SolutionGuid = {B131656B-58C1-4FBD-BFE3-E7306FB34705}
	EndGlobalSection
EndGlobal
